// !$*UTF8*$!
{
	archiveVersion = 1;
	classes = {
	};
	objectVersion = 52;
	objects = {

/* Begin PBXBuildFile section */
		7821FE50A129450CEC7A4ADF /* Pods_DebugRing.framework in Frameworks */ = {isa = PBXBuildFile; fileRef = F956F2F6BD85AD4B4A62E5DC /* Pods_DebugRing.framework */; };
		908845C631E38887E8D58408 /* Pods_DebugRingDemo.framework in Frameworks */ = {isa = PBXBuildFile; fileRef = D997F0053E382401F9D858E0 /* Pods_DebugRingDemo.framework */; };
		D211C74B26AD2C6800432511 /* DebugRing.xcassets in Resources */ = {isa = PBXBuildFile; fileRef = D211C74A26AD2C6800432511 /* DebugRing.xcassets */; };
		D22590AC284F10EF00F1188B /* DeviceViewController.swift in Sources */ = {isa = PBXBuildFile; fileRef = D22590AB284F10EF00F1188B /* DeviceViewController.swift */; };
		D22590AE284F112C00F1188B /* DeviceItem.swift in Sources */ = {isa = PBXBuildFile; fileRef = D22590AD284F112C00F1188B /* DeviceItem.swift */; };
		D22590B2284F114200F1188B /* DeviceHelper.swift in Sources */ = {isa = PBXBuildFile; fileRef = D22590B1284F114200F1188B /* DeviceHelper.swift */; };
		D22590BA284F1F5700F1188B /* ListViewItem.swift in Sources */ = {isa = PBXBuildFile; fileRef = D22590B9284F1F5700F1188B /* ListViewItem.swift */; };
		D22590BC284F1FEC00F1188B /* CollectionViewItem.swift in Sources */ = {isa = PBXBuildFile; fileRef = D22590BB284F1FEC00F1188B /* CollectionViewItem.swift */; };
		D22590E22850428600F1188B /* RingWindow.swift in Sources */ = {isa = PBXBuildFile; fileRef = D22590E12850428600F1188B /* RingWindow.swift */; };
		D22590F02850C50A00F1188B /* CollectionViewSection.swift in Sources */ = {isa = PBXBuildFile; fileRef = D22590EF2850C50A00F1188B /* CollectionViewSection.swift */; };
		D22590F22850C78900F1188B /* DebugPlugin.swift in Sources */ = {isa = PBXBuildFile; fileRef = D22590F12850C78900F1188B /* DebugPlugin.swift */; };
		D23FF0C925AD9B5200D755D9 /* AppDelegate.swift in Sources */ = {isa = PBXBuildFile; fileRef = D23FF0C825AD9B5200D755D9 /* AppDelegate.swift */; };
		D23FF0CB25AD9B5200D755D9 /* SceneDelegate.swift in Sources */ = {isa = PBXBuildFile; fileRef = D23FF0CA25AD9B5200D755D9 /* SceneDelegate.swift */; };
		D23FF0CD25AD9B5200D755D9 /* ViewController.swift in Sources */ = {isa = PBXBuildFile; fileRef = D23FF0CC25AD9B5200D755D9 /* ViewController.swift */; };
		D23FF0D025AD9B5200D755D9 /* Main.storyboard in Resources */ = {isa = PBXBuildFile; fileRef = D23FF0CE25AD9B5200D755D9 /* Main.storyboard */; };
		D23FF0D225AD9B5500D755D9 /* Assets.xcassets in Resources */ = {isa = PBXBuildFile; fileRef = D23FF0D125AD9B5500D755D9 /* Assets.xcassets */; };
		D23FF0D525AD9B5500D755D9 /* LaunchScreen.storyboard in Resources */ = {isa = PBXBuildFile; fileRef = D23FF0D325AD9B5500D755D9 /* LaunchScreen.storyboard */; };
		D2644E922864B45D0065D039 /* DebugPlugins.plist in Resources */ = {isa = PBXBuildFile; fileRef = D29115C3284EDB67000989DF /* DebugPlugins.plist */; };
		D2644EFB28658DC60065D039 /* MockCrashPlugin.swift in Sources */ = {isa = PBXBuildFile; fileRef = D2644EFA28658DC60065D039 /* MockCrashPlugin.swift */; };
		D2644EFE28658EE00065D039 /* MockCrashViewController.swift in Sources */ = {isa = PBXBuildFile; fileRef = D2644EFD28658EE00065D039 /* MockCrashViewController.swift */; };
		D2644F00286598710065D039 /* MockCrashItem.swift in Sources */ = {isa = PBXBuildFile; fileRef = D2644EFF286598710065D039 /* MockCrashItem.swift */; };
		D27A8A992520AEAC006A6125 /* DebugController.swift in Sources */ = {isa = PBXBuildFile; fileRef = D27A8A982520AEAC006A6125 /* DebugController.swift */; };
		D29115A6284EC04B000989DF /* NavigationController.swift in Sources */ = {isa = PBXBuildFile; fileRef = D29115A5284EC04B000989DF /* NavigationController.swift */; };
		D29115BC284EC807000989DF /* CollectionViewController.swift in Sources */ = {isa = PBXBuildFile; fileRef = D29115BB284EC807000989DF /* CollectionViewController.swift */; };
		D29115BE284EC9A1000989DF /* PluginGroup.swift in Sources */ = {isa = PBXBuildFile; fileRef = D29115BD284EC9A1000989DF /* PluginGroup.swift */; };
		D29115C0284EC9A9000989DF /* PluginItem.swift in Sources */ = {isa = PBXBuildFile; fileRef = D29115BF284EC9A9000989DF /* PluginItem.swift */; };
		D29115C2284ECAE9000989DF /* PluginRegistrar.swift in Sources */ = {isa = PBXBuildFile; fileRef = D29115C1284ECAE9000989DF /* PluginRegistrar.swift */; };
		D29115C6284EED77000989DF /* MachO.swift in Sources */ = {isa = PBXBuildFile; fileRef = D29115C5284EED77000989DF /* MachO.swift */; };
		D29115D6284F013C000989DF /* FlexPlugin.swift in Sources */ = {isa = PBXBuildFile; fileRef = D29115D5284F013C000989DF /* FlexPlugin.swift */; };
		D29115DD284F0A37000989DF /* DevicePlugin.swift in Sources */ = {isa = PBXBuildFile; fileRef = D29115DC284F0A37000989DF /* DevicePlugin.swift */; };
		D29115E0284F0AE8000989DF /* StatisticsPlugin.swift in Sources */ = {isa = PBXBuildFile; fileRef = D29115DF284F0AE8000989DF /* StatisticsPlugin.swift */; };
		D2926AC52877D348006F8215 /* UIViewController++.swift in Sources */ = {isa = PBXBuildFile; fileRef = D2926AC42877D348006F8215 /* UIViewController++.swift */; };
		D2D49FBE28514C60006B5448 /* StatisticsView.swift in Sources */ = {isa = PBXBuildFile; fileRef = D2D49FBD28514C60006B5448 /* StatisticsView.swift */; };
		D2D49FD2285154D4006B5448 /* StatisticsHelper.swift in Sources */ = {isa = PBXBuildFile; fileRef = D2D49FD1285154D4006B5448 /* StatisticsHelper.swift */; };
		D2D80EA528756B810011FB46 /* Bundle++.swift in Sources */ = {isa = PBXBuildFile; fileRef = D2D80EA428756B810011FB46 /* Bundle++.swift */; };
		D2D80EAB28757B4C0011FB46 /* SpinnerViewController.swift in Sources */ = {isa = PBXBuildFile; fileRef = D2D80EAA28757B4C0011FB46 /* SpinnerViewController.swift */; };
		D2F42E1E284EA7AD00FAF01D /* RingView.swift in Sources */ = {isa = PBXBuildFile; fileRef = D2F42E1D284EA7AD00FAF01D /* RingView.swift */; };
		D2F42E20284EA7B800FAF01D /* RingViewController.swift in Sources */ = {isa = PBXBuildFile; fileRef = D2F42E1F284EA7B800FAF01D /* RingViewController.swift */; };
		D2F42E23284EB65F00FAF01D /* UIView++.swift in Sources */ = {isa = PBXBuildFile; fileRef = D2F42E22284EB65F00FAF01D /* UIView++.swift */; };
		D2F42E25284EB73100FAF01D /* Utils.swift in Sources */ = {isa = PBXBuildFile; fileRef = D2F42E24284EB73100FAF01D /* Utils.swift */; };
		D2F42E27284EB81C00FAF01D /* PluginPanel.swift in Sources */ = {isa = PBXBuildFile; fileRef = D2F42E26284EB81C00FAF01D /* PluginPanel.swift */; };
		D2F8B47128780176008FCD13 /* UIApplication++.swift in Sources */ = {isa = PBXBuildFile; fileRef = D2F8B47028780176008FCD13 /* UIApplication++.swift */; };
		D2F8B4762878095E008FCD13 /* UIColor++.swift in Sources */ = {isa = PBXBuildFile; fileRef = D2F8B4752878095E008FCD13 /* UIColor++.swift */; };
		D2FF07922876C2B300B97FD7 /* DebugRingLoader.h in Headers */ = {isa = PBXBuildFile; fileRef = D2FF078D2876C2B300B97FD7 /* DebugRingLoader.h */; };
		D2FF07932876C2B300B97FD7 /* DebugRingLoader.m in Sources */ = {isa = PBXBuildFile; fileRef = D2FF078E2876C2B300B97FD7 /* DebugRingLoader.m */; };
		D2FF07942876C2B300B97FD7 /* DebugCrashMocker.h in Headers */ = {isa = PBXBuildFile; fileRef = D2FF078F2876C2B300B97FD7 /* DebugCrashMocker.h */; };
		D2FF07952876C2B300B97FD7 /* DebugCrashMocker.mm in Sources */ = {isa = PBXBuildFile; fileRef = D2FF07902876C2B300B97FD7 /* DebugCrashMocker.mm */; };
		D2FF07982876C34A00B97FD7 /* DebugRingAnnotation.h in Headers */ = {isa = PBXBuildFile; fileRef = D2FF07972876C34A00B97FD7 /* DebugRingAnnotation.h */; };
		D2FF07AB2876C5C000B97FD7 /* DebugRing.h in Headers */ = {isa = PBXBuildFile; fileRef = D2FF07AA2876C5C000B97FD7 /* DebugRing.h */; };
/* End PBXBuildFile section */

/* Begin PBXContainerItemProxy section */
		D23FF2BF25ADBF1100D755D9 /* PBXContainerItemProxy */ = {
			isa = PBXContainerItemProxy;
			containerPortal = D27A8A1425203F1A006A6125 /* Project object */;
			proxyType = 1;
			remoteGlobalIDString = D27A8A1C25203F1A006A6125;
			remoteInfo = DebugRing;
		};
/* End PBXContainerItemProxy section */

/* Begin PBXFileReference section */
		03C90CB0C34E96C169CC1592 /* Pods-DebugRingDemo.debug.xcconfig */ = {isa = PBXFileReference; includeInIndex = 1; lastKnownFileType = text.xcconfig; name = "Pods-DebugRingDemo.debug.xcconfig"; path = "Target Support Files/Pods-DebugRingDemo/Pods-DebugRingDemo.debug.xcconfig"; sourceTree = "<group>"; };
		15C18E8BEE7716BBC554B1B7 /* Pods-DebugRing.release.xcconfig */ = {isa = PBXFileReference; includeInIndex = 1; lastKnownFileType = text.xcconfig; name = "Pods-DebugRing.release.xcconfig"; path = "Target Support Files/Pods-DebugRing/Pods-DebugRing.release.xcconfig"; sourceTree = "<group>"; };
		CE8D19C3C5DC7A7995330D9C /* Pods-DebugRing.debug.xcconfig */ = {isa = PBXFileReference; includeInIndex = 1; lastKnownFileType = text.xcconfig; name = "Pods-DebugRing.debug.xcconfig"; path = "Target Support Files/Pods-DebugRing/Pods-DebugRing.debug.xcconfig"; sourceTree = "<group>"; };
		D211C74A26AD2C6800432511 /* DebugRing.xcassets */ = {isa = PBXFileReference; lastKnownFileType = folder.assetcatalog; path = DebugRing.xcassets; sourceTree = "<group>"; };
		D22590AB284F10EF00F1188B /* DeviceViewController.swift */ = {isa = PBXFileReference; lastKnownFileType = sourcecode.swift; path = DeviceViewController.swift; sourceTree = "<group>"; };
		D22590AD284F112C00F1188B /* DeviceItem.swift */ = {isa = PBXFileReference; lastKnownFileType = sourcecode.swift; path = DeviceItem.swift; sourceTree = "<group>"; };
		D22590B1284F114200F1188B /* DeviceHelper.swift */ = {isa = PBXFileReference; lastKnownFileType = sourcecode.swift; path = DeviceHelper.swift; sourceTree = "<group>"; };
		D22590B9284F1F5700F1188B /* ListViewItem.swift */ = {isa = PBXFileReference; lastKnownFileType = sourcecode.swift; path = ListViewItem.swift; sourceTree = "<group>"; };
		D22590BB284F1FEC00F1188B /* CollectionViewItem.swift */ = {isa = PBXFileReference; lastKnownFileType = sourcecode.swift; path = CollectionViewItem.swift; sourceTree = "<group>"; };
		D22590E12850428600F1188B /* RingWindow.swift */ = {isa = PBXFileReference; lastKnownFileType = sourcecode.swift; path = RingWindow.swift; sourceTree = "<group>"; };
		D22590EF2850C50A00F1188B /* CollectionViewSection.swift */ = {isa = PBXFileReference; lastKnownFileType = sourcecode.swift; path = CollectionViewSection.swift; sourceTree = "<group>"; };
		D22590F12850C78900F1188B /* DebugPlugin.swift */ = {isa = PBXFileReference; lastKnownFileType = sourcecode.swift; path = DebugPlugin.swift; sourceTree = "<group>"; };
		D23FF0C625AD9B5200D755D9 /* DebugRingDemo.app */ = {isa = PBXFileReference; explicitFileType = wrapper.application; includeInIndex = 0; path = DebugRingDemo.app; sourceTree = BUILT_PRODUCTS_DIR; };
		D23FF0C825AD9B5200D755D9 /* AppDelegate.swift */ = {isa = PBXFileReference; lastKnownFileType = sourcecode.swift; path = AppDelegate.swift; sourceTree = "<group>"; };
		D23FF0CA25AD9B5200D755D9 /* SceneDelegate.swift */ = {isa = PBXFileReference; lastKnownFileType = sourcecode.swift; path = SceneDelegate.swift; sourceTree = "<group>"; };
		D23FF0CC25AD9B5200D755D9 /* ViewController.swift */ = {isa = PBXFileReference; lastKnownFileType = sourcecode.swift; path = ViewController.swift; sourceTree = "<group>"; };
		D23FF0CF25AD9B5200D755D9 /* Base */ = {isa = PBXFileReference; lastKnownFileType = file.storyboard; name = Base; path = Base.lproj/Main.storyboard; sourceTree = "<group>"; };
		D23FF0D125AD9B5500D755D9 /* Assets.xcassets */ = {isa = PBXFileReference; lastKnownFileType = folder.assetcatalog; path = Assets.xcassets; sourceTree = "<group>"; };
		D23FF0D425AD9B5500D755D9 /* Base */ = {isa = PBXFileReference; lastKnownFileType = file.storyboard; name = Base; path = Base.lproj/LaunchScreen.storyboard; sourceTree = "<group>"; };
		D23FF0D625AD9B5500D755D9 /* Info.plist */ = {isa = PBXFileReference; lastKnownFileType = text.plist.xml; path = Info.plist; sourceTree = "<group>"; };
		D2644EFA28658DC60065D039 /* MockCrashPlugin.swift */ = {isa = PBXFileReference; lastKnownFileType = sourcecode.swift; path = MockCrashPlugin.swift; sourceTree = "<group>"; };
		D2644EFD28658EE00065D039 /* MockCrashViewController.swift */ = {isa = PBXFileReference; lastKnownFileType = sourcecode.swift; path = MockCrashViewController.swift; sourceTree = "<group>"; };
		D2644EFF286598710065D039 /* MockCrashItem.swift */ = {isa = PBXFileReference; lastKnownFileType = sourcecode.swift; path = MockCrashItem.swift; sourceTree = "<group>"; };
		D27A8A1D25203F1A006A6125 /* DebugRing.framework */ = {isa = PBXFileReference; explicitFileType = wrapper.framework; includeInIndex = 0; path = DebugRing.framework; sourceTree = BUILT_PRODUCTS_DIR; };
		D27A8A982520AEAC006A6125 /* DebugController.swift */ = {isa = PBXFileReference; lastKnownFileType = sourcecode.swift; path = DebugController.swift; sourceTree = "<group>"; };
		D29115A5284EC04B000989DF /* NavigationController.swift */ = {isa = PBXFileReference; lastKnownFileType = sourcecode.swift; path = NavigationController.swift; sourceTree = "<group>"; };
		D29115BB284EC807000989DF /* CollectionViewController.swift */ = {isa = PBXFileReference; lastKnownFileType = sourcecode.swift; path = CollectionViewController.swift; sourceTree = "<group>"; };
		D29115BD284EC9A1000989DF /* PluginGroup.swift */ = {isa = PBXFileReference; lastKnownFileType = sourcecode.swift; path = PluginGroup.swift; sourceTree = "<group>"; };
		D29115BF284EC9A9000989DF /* PluginItem.swift */ = {isa = PBXFileReference; lastKnownFileType = sourcecode.swift; path = PluginItem.swift; sourceTree = "<group>"; };
		D29115C1284ECAE9000989DF /* PluginRegistrar.swift */ = {isa = PBXFileReference; lastKnownFileType = sourcecode.swift; path = PluginRegistrar.swift; sourceTree = "<group>"; };
		D29115C3284EDB67000989DF /* DebugPlugins.plist */ = {isa = PBXFileReference; lastKnownFileType = text.plist.xml; path = DebugPlugins.plist; sourceTree = "<group>"; };
		D29115C5284EED77000989DF /* MachO.swift */ = {isa = PBXFileReference; lastKnownFileType = sourcecode.swift; path = MachO.swift; sourceTree = "<group>"; };
		D29115D5284F013C000989DF /* FlexPlugin.swift */ = {isa = PBXFileReference; lastKnownFileType = sourcecode.swift; path = FlexPlugin.swift; sourceTree = "<group>"; };
		D29115DC284F0A37000989DF /* DevicePlugin.swift */ = {isa = PBXFileReference; lastKnownFileType = sourcecode.swift; path = DevicePlugin.swift; sourceTree = "<group>"; };
		D29115DF284F0AE8000989DF /* StatisticsPlugin.swift */ = {isa = PBXFileReference; lastKnownFileType = sourcecode.swift; path = StatisticsPlugin.swift; sourceTree = "<group>"; };
		D2926AC42877D348006F8215 /* UIViewController++.swift */ = {isa = PBXFileReference; lastKnownFileType = sourcecode.swift; path = "UIViewController++.swift"; sourceTree = "<group>"; };
		D297DB782568F6390096BD54 /* Info.plist */ = {isa = PBXFileReference; fileEncoding = 4; lastKnownFileType = text.plist.xml; path = Info.plist; sourceTree = "<group>"; };
		D2D49FBD28514C60006B5448 /* StatisticsView.swift */ = {isa = PBXFileReference; fileEncoding = 4; lastKnownFileType = sourcecode.swift; path = StatisticsView.swift; sourceTree = "<group>"; };
		D2D49FD1285154D4006B5448 /* StatisticsHelper.swift */ = {isa = PBXFileReference; lastKnownFileType = sourcecode.swift; path = StatisticsHelper.swift; sourceTree = "<group>"; };
		D2D80EA428756B810011FB46 /* Bundle++.swift */ = {isa = PBXFileReference; lastKnownFileType = sourcecode.swift; path = "Bundle++.swift"; sourceTree = "<group>"; };
		D2D80EAA28757B4C0011FB46 /* SpinnerViewController.swift */ = {isa = PBXFileReference; lastKnownFileType = sourcecode.swift; path = SpinnerViewController.swift; sourceTree = "<group>"; };
		D2F3DFA0269FD3D8006DB903 /* DebugRingDemo.entitlements */ = {isa = PBXFileReference; lastKnownFileType = text.plist.entitlements; path = DebugRingDemo.entitlements; sourceTree = "<group>"; };
		D2F42E1D284EA7AD00FAF01D /* RingView.swift */ = {isa = PBXFileReference; lastKnownFileType = sourcecode.swift; path = RingView.swift; sourceTree = "<group>"; };
		D2F42E1F284EA7B800FAF01D /* RingViewController.swift */ = {isa = PBXFileReference; lastKnownFileType = sourcecode.swift; path = RingViewController.swift; sourceTree = "<group>"; };
		D2F42E22284EB65F00FAF01D /* UIView++.swift */ = {isa = PBXFileReference; lastKnownFileType = sourcecode.swift; path = "UIView++.swift"; sourceTree = "<group>"; };
		D2F42E24284EB73100FAF01D /* Utils.swift */ = {isa = PBXFileReference; lastKnownFileType = sourcecode.swift; path = Utils.swift; sourceTree = "<group>"; };
		D2F42E26284EB81C00FAF01D /* PluginPanel.swift */ = {isa = PBXFileReference; lastKnownFileType = sourcecode.swift; path = PluginPanel.swift; sourceTree = "<group>"; };
		D2F8B47028780176008FCD13 /* UIApplication++.swift */ = {isa = PBXFileReference; lastKnownFileType = sourcecode.swift; path = "UIApplication++.swift"; sourceTree = "<group>"; };
		D2F8B4752878095E008FCD13 /* UIColor++.swift */ = {isa = PBXFileReference; lastKnownFileType = sourcecode.swift; path = "UIColor++.swift"; sourceTree = "<group>"; };
		D2FCEA6A25F9F779005EAA15 /* DebugRing.podspec */ = {isa = PBXFileReference; lastKnownFileType = text; path = DebugRing.podspec; sourceTree = SOURCE_ROOT; xcLanguageSpecificationIdentifier = xcode.lang.ruby; };
		D2FF078D2876C2B300B97FD7 /* DebugRingLoader.h */ = {isa = PBXFileReference; fileEncoding = 4; lastKnownFileType = sourcecode.c.h; path = DebugRingLoader.h; sourceTree = "<group>"; };
		D2FF078E2876C2B300B97FD7 /* DebugRingLoader.m */ = {isa = PBXFileReference; fileEncoding = 4; lastKnownFileType = sourcecode.c.objc; path = DebugRingLoader.m; sourceTree = "<group>"; };
		D2FF078F2876C2B300B97FD7 /* DebugCrashMocker.h */ = {isa = PBXFileReference; fileEncoding = 4; lastKnownFileType = sourcecode.c.h; path = DebugCrashMocker.h; sourceTree = "<group>"; };
		D2FF07902876C2B300B97FD7 /* DebugCrashMocker.mm */ = {isa = PBXFileReference; fileEncoding = 4; lastKnownFileType = sourcecode.cpp.objcpp; path = DebugCrashMocker.mm; sourceTree = "<group>"; };
		D2FF07972876C34A00B97FD7 /* DebugRingAnnotation.h */ = {isa = PBXFileReference; lastKnownFileType = sourcecode.c.h; path = DebugRingAnnotation.h; sourceTree = "<group>"; };
		D2FF07AA2876C5C000B97FD7 /* DebugRing.h */ = {isa = PBXFileReference; lastKnownFileType = sourcecode.c.h; path = DebugRing.h; sourceTree = "<group>"; };
		D997F0053E382401F9D858E0 /* Pods_DebugRingDemo.framework */ = {isa = PBXFileReference; explicitFileType = wrapper.framework; includeInIndex = 0; path = Pods_DebugRingDemo.framework; sourceTree = BUILT_PRODUCTS_DIR; };
		F35A6A5AA72A707DCA578024 /* Pods-DebugRingDemo.release.xcconfig */ = {isa = PBXFileReference; includeInIndex = 1; lastKnownFileType = text.xcconfig; name = "Pods-DebugRingDemo.release.xcconfig"; path = "Target Support Files/Pods-DebugRingDemo/Pods-DebugRingDemo.release.xcconfig"; sourceTree = "<group>"; };
		F956F2F6BD85AD4B4A62E5DC /* Pods_DebugRing.framework */ = {isa = PBXFileReference; explicitFileType = wrapper.framework; includeInIndex = 0; path = Pods_DebugRing.framework; sourceTree = BUILT_PRODUCTS_DIR; };
/* End PBXFileReference section */

/* Begin PBXFrameworksBuildPhase section */
		D23FF0C325AD9B5200D755D9 /* Frameworks */ = {
			isa = PBXFrameworksBuildPhase;
			buildActionMask = 2147483647;
			files = (
				908845C631E38887E8D58408 /* Pods_DebugRingDemo.framework in Frameworks */,
			);
			runOnlyForDeploymentPostprocessing = 0;
		};
		D27A8A1A25203F1A006A6125 /* Frameworks */ = {
			isa = PBXFrameworksBuildPhase;
			buildActionMask = 2147483647;
			files = (
				7821FE50A129450CEC7A4ADF /* Pods_DebugRing.framework in Frameworks */,
			);
			runOnlyForDeploymentPostprocessing = 0;
		};
/* End PBXFrameworksBuildPhase section */

/* Begin PBXGroup section */
		8F819635E059C5D792DB6198 /* Frameworks */ = {
			isa = PBXGroup;
			children = (
				F956F2F6BD85AD4B4A62E5DC /* Pods_DebugRing.framework */,
				D997F0053E382401F9D858E0 /* Pods_DebugRingDemo.framework */,
			);
			name = Frameworks;
			sourceTree = "<group>";
		};
		D239FB4126B5534A00FD1DA0 /* Assets */ = {
			isa = PBXGroup;
			children = (
				D29115C3284EDB67000989DF /* DebugPlugins.plist */,
				D211C74A26AD2C6800432511 /* DebugRing.xcassets */,
			);
			path = Assets;
			sourceTree = "<group>";
		};
		D23DCF1D2595CCAC004EB5E3 /* SupportingFiles */ = {
			isa = PBXGroup;
			children = (
				D297DB782568F6390096BD54 /* Info.plist */,
				D2FCEA6A25F9F779005EAA15 /* DebugRing.podspec */,
			);
			path = SupportingFiles;
			sourceTree = "<group>";
		};
		D23FF0C725AD9B5200D755D9 /* DebugRingDemo */ = {
			isa = PBXGroup;
			children = (
				D23FF0C825AD9B5200D755D9 /* AppDelegate.swift */,
				D23FF0CA25AD9B5200D755D9 /* SceneDelegate.swift */,
				D23FF0CC25AD9B5200D755D9 /* ViewController.swift */,
				D2A3333927D0A20300705185 /* SupportingFiles */,
			);
			path = DebugRingDemo;
			sourceTree = "<group>";
		};
		D2644EF928658DAA0065D039 /* MockCrash */ = {
			isa = PBXGroup;
			children = (
				D2644EFA28658DC60065D039 /* MockCrashPlugin.swift */,
				D2644EFD28658EE00065D039 /* MockCrashViewController.swift */,
				D2644EFF286598710065D039 /* MockCrashItem.swift */,
			);
			path = MockCrash;
			sourceTree = "<group>";
		};
		D27A8A1325203F1A006A6125 = {
			isa = PBXGroup;
			children = (
				D27A8A1F25203F1A006A6125 /* DebugRing */,
				D23FF0C725AD9B5200D755D9 /* DebugRingDemo */,
				D27A8A1E25203F1A006A6125 /* Products */,
				ECD65CE4AD0E4BC372263BE7 /* Pods */,
				8F819635E059C5D792DB6198 /* Frameworks */,
			);
			sourceTree = "<group>";
		};
		D27A8A1E25203F1A006A6125 /* Products */ = {
			isa = PBXGroup;
			children = (
				D27A8A1D25203F1A006A6125 /* DebugRing.framework */,
				D23FF0C625AD9B5200D755D9 /* DebugRingDemo.app */,
			);
			name = Products;
			sourceTree = "<group>";
		};
		D27A8A1F25203F1A006A6125 /* DebugRing */ = {
			isa = PBXGroup;
			children = (
				D239FB4126B5534A00FD1DA0 /* Assets */,
				D27A8A28252052BE006A6125 /* Source */,
				D23DCF1D2595CCAC004EB5E3 /* SupportingFiles */,
			);
			path = DebugRing;
			sourceTree = "<group>";
		};
		D27A8A28252052BE006A6125 /* Source */ = {
			isa = PBXGroup;
			children = (
				D27A8A982520AEAC006A6125 /* DebugController.swift */,
				D22590F12850C78900F1188B /* DebugPlugin.swift */,
				D29115CB284EFF4A000989DF /* Plugins */,
				D29115A7284EC5EF000989DF /* Components */,
				D2F42E21284EB65400FAF01D /* Utils */,
				D2F42E0F284E995E00FAF01D /* ObjC */,
			);
			path = Source;
			sourceTree = "<group>";
		};
		D29115A7284EC5EF000989DF /* Components */ = {
			isa = PBXGroup;
			children = (
				D2D80EA828757B2C0011FB46 /* Base */,
				D29115CD284EFFB1000989DF /* Ring */,
				D29115CE284EFFBB000989DF /* PluginPanel */,
				D2D80EA928757B360011FB46 /* Spinner */,
			);
			path = Components;
			sourceTree = "<group>";
		};
		D29115CB284EFF4A000989DF /* Plugins */ = {
			isa = PBXGroup;
			children = (
				D2644EF928658DAA0065D039 /* MockCrash */,
				D29115DE284F0ABB000989DF /* Statistics */,
				D29115DB284F0A0E000989DF /* Device */,
				D29115CC284EFF73000989DF /* FLEX */,
			);
			path = Plugins;
			sourceTree = "<group>";
		};
		D29115CC284EFF73000989DF /* FLEX */ = {
			isa = PBXGroup;
			children = (
				D29115D5284F013C000989DF /* FlexPlugin.swift */,
			);
			path = FLEX;
			sourceTree = "<group>";
		};
		D29115CD284EFFB1000989DF /* Ring */ = {
			isa = PBXGroup;
			children = (
				D22590E12850428600F1188B /* RingWindow.swift */,
				D2F42E1D284EA7AD00FAF01D /* RingView.swift */,
				D2F42E1F284EA7B800FAF01D /* RingViewController.swift */,
			);
			path = Ring;
			sourceTree = "<group>";
		};
		D29115CE284EFFBB000989DF /* PluginPanel */ = {
			isa = PBXGroup;
			children = (
				D2F42E26284EB81C00FAF01D /* PluginPanel.swift */,
				D29115BD284EC9A1000989DF /* PluginGroup.swift */,
				D29115BF284EC9A9000989DF /* PluginItem.swift */,
				D29115C1284ECAE9000989DF /* PluginRegistrar.swift */,
			);
			path = PluginPanel;
			sourceTree = "<group>";
		};
		D29115DB284F0A0E000989DF /* Device */ = {
			isa = PBXGroup;
			children = (
				D29115DC284F0A37000989DF /* DevicePlugin.swift */,
				D22590AB284F10EF00F1188B /* DeviceViewController.swift */,
				D22590AD284F112C00F1188B /* DeviceItem.swift */,
				D22590B1284F114200F1188B /* DeviceHelper.swift */,
			);
			path = Device;
			sourceTree = "<group>";
		};
		D29115DE284F0ABB000989DF /* Statistics */ = {
			isa = PBXGroup;
			children = (
				D29115DF284F0AE8000989DF /* StatisticsPlugin.swift */,
				D2D49FBD28514C60006B5448 /* StatisticsView.swift */,
				D2D49FD1285154D4006B5448 /* StatisticsHelper.swift */,
			);
			path = Statistics;
			sourceTree = "<group>";
		};
		D2A3333927D0A20300705185 /* SupportingFiles */ = {
			isa = PBXGroup;
			children = (
				D23FF0CE25AD9B5200D755D9 /* Main.storyboard */,
				D23FF0D325AD9B5500D755D9 /* LaunchScreen.storyboard */,
				D23FF0D125AD9B5500D755D9 /* Assets.xcassets */,
				D2F3DFA0269FD3D8006DB903 /* DebugRingDemo.entitlements */,
				D23FF0D625AD9B5500D755D9 /* Info.plist */,
			);
			path = SupportingFiles;
			sourceTree = "<group>";
		};
		D2D80EA828757B2C0011FB46 /* Base */ = {
			isa = PBXGroup;
			children = (
				D29115A5284EC04B000989DF /* NavigationController.swift */,
				D29115BB284EC807000989DF /* CollectionViewController.swift */,
				D22590EF2850C50A00F1188B /* CollectionViewSection.swift */,
				D22590BB284F1FEC00F1188B /* CollectionViewItem.swift */,
				D22590B9284F1F5700F1188B /* ListViewItem.swift */,
			);
			path = Base;
			sourceTree = "<group>";
		};
		D2D80EA928757B360011FB46 /* Spinner */ = {
			isa = PBXGroup;
			children = (
				D2D80EAA28757B4C0011FB46 /* SpinnerViewController.swift */,
			);
			path = Spinner;
			sourceTree = "<group>";
		};
		D2F42E0F284E995E00FAF01D /* ObjC */ = {
			isa = PBXGroup;
			children = (
				D2FF07AA2876C5C000B97FD7 /* DebugRing.h */,
				D2FF07972876C34A00B97FD7 /* DebugRingAnnotation.h */,
				D2FF078F2876C2B300B97FD7 /* DebugCrashMocker.h */,
				D2FF07902876C2B300B97FD7 /* DebugCrashMocker.mm */,
				D2FF078D2876C2B300B97FD7 /* DebugRingLoader.h */,
				D2FF078E2876C2B300B97FD7 /* DebugRingLoader.m */,
			);
			path = ObjC;
			sourceTree = "<group>";
		};
		D2F42E21284EB65400FAF01D /* Utils */ = {
			isa = PBXGroup;
			children = (
				D2F42E24284EB73100FAF01D /* Utils.swift */,
				D29115C5284EED77000989DF /* MachO.swift */,
				D2D80EA428756B810011FB46 /* Bundle++.swift */,
				D2F42E22284EB65F00FAF01D /* UIView++.swift */,
				D2F8B4752878095E008FCD13 /* UIColor++.swift */,
				D2926AC42877D348006F8215 /* UIViewController++.swift */,
				D2F8B47028780176008FCD13 /* UIApplication++.swift */,
			);
			path = Utils;
			sourceTree = "<group>";
		};
		ECD65CE4AD0E4BC372263BE7 /* Pods */ = {
			isa = PBXGroup;
			children = (
				CE8D19C3C5DC7A7995330D9C /* Pods-DebugRing.debug.xcconfig */,
				15C18E8BEE7716BBC554B1B7 /* Pods-DebugRing.release.xcconfig */,
				03C90CB0C34E96C169CC1592 /* Pods-DebugRingDemo.debug.xcconfig */,
				F35A6A5AA72A707DCA578024 /* Pods-DebugRingDemo.release.xcconfig */,
			);
			path = Pods;
			sourceTree = "<group>";
		};
/* End PBXGroup section */

/* Begin PBXHeadersBuildPhase section */
		D27A8A1825203F1A006A6125 /* Headers */ = {
			isa = PBXHeadersBuildPhase;
			buildActionMask = 2147483647;
			files = (
				D2FF07AB2876C5C000B97FD7 /* DebugRing.h in Headers */,
				D2FF07922876C2B300B97FD7 /* DebugRingLoader.h in Headers */,
				D2FF07982876C34A00B97FD7 /* DebugRingAnnotation.h in Headers */,
				D2FF07942876C2B300B97FD7 /* DebugCrashMocker.h in Headers */,
			);
			runOnlyForDeploymentPostprocessing = 0;
		};
/* End PBXHeadersBuildPhase section */

/* Begin PBXNativeTarget section */
		D23FF0C525AD9B5200D755D9 /* DebugRingDemo */ = {
			isa = PBXNativeTarget;
			buildConfigurationList = D23FF0D925AD9B5500D755D9 /* Build configuration list for PBXNativeTarget "DebugRingDemo" */;
			buildPhases = (
				F3BB46861D0BF172ECEF22F1 /* [CP] Check Pods Manifest.lock */,
				D23FF0C225AD9B5200D755D9 /* Sources */,
				D23FF0C325AD9B5200D755D9 /* Frameworks */,
				D23FF0C425AD9B5200D755D9 /* Resources */,
				BC29A2ACFBD11D768C411DBE /* [CP] Embed Pods Frameworks */,
				C81925F0A70FDB4AC0C07E9A /* [CP] Copy Pods Resources */,
			);
			buildRules = (
			);
			dependencies = (
				D23FF2C025ADBF1100D755D9 /* PBXTargetDependency */,
			);
			name = DebugRingDemo;
			productName = DebugRingDemo;
			productReference = D23FF0C625AD9B5200D755D9 /* DebugRingDemo.app */;
			productType = "com.apple.product-type.application";
		};
		D27A8A1C25203F1A006A6125 /* DebugRing */ = {
			isa = PBXNativeTarget;
			buildConfigurationList = D27A8A2525203F1A006A6125 /* Build configuration list for PBXNativeTarget "DebugRing" */;
			buildPhases = (
				6ACE65CEA3998B8E4483A712 /* [CP] Check Pods Manifest.lock */,
				D27A8A1825203F1A006A6125 /* Headers */,
				D27A8A1925203F1A006A6125 /* Sources */,
				D27A8A1A25203F1A006A6125 /* Frameworks */,
				D27A8A1B25203F1A006A6125 /* Resources */,
			);
			buildRules = (
			);
			dependencies = (
			);
			name = DebugRing;
			productName = DebugRing;
			productReference = D27A8A1D25203F1A006A6125 /* DebugRing.framework */;
			productType = "com.apple.product-type.framework";
		};
/* End PBXNativeTarget section */

/* Begin PBXProject section */
		D27A8A1425203F1A006A6125 /* Project object */ = {
			isa = PBXProject;
			attributes = {
				LastSwiftUpdateCheck = 1230;
				LastUpgradeCheck = 1330;
				ORGANIZATIONNAME = BaldStudio;
				TargetAttributes = {
					D23FF0C525AD9B5200D755D9 = {
						CreatedOnToolsVersion = 12.3;
					};
					D27A8A1C25203F1A006A6125 = {
						CreatedOnToolsVersion = 11.7;
						LastSwiftMigration = 1330;
					};
				};
			};
			buildConfigurationList = D27A8A1725203F1A006A6125 /* Build configuration list for PBXProject "DebugRing" */;
			compatibilityVersion = "Xcode 9.3";
			developmentRegion = en;
			hasScannedForEncodings = 0;
			knownRegions = (
				en,
				Base,
			);
			mainGroup = D27A8A1325203F1A006A6125;
			productRefGroup = D27A8A1E25203F1A006A6125 /* Products */;
			projectDirPath = "";
			projectRoot = "";
			targets = (
				D27A8A1C25203F1A006A6125 /* DebugRing */,
				D23FF0C525AD9B5200D755D9 /* DebugRingDemo */,
			);
		};
/* End PBXProject section */

/* Begin PBXResourcesBuildPhase section */
		D23FF0C425AD9B5200D755D9 /* Resources */ = {
			isa = PBXResourcesBuildPhase;
			buildActionMask = 2147483647;
			files = (
				D23FF0D525AD9B5500D755D9 /* LaunchScreen.storyboard in Resources */,
				D23FF0D225AD9B5500D755D9 /* Assets.xcassets in Resources */,
				D23FF0D025AD9B5200D755D9 /* Main.storyboard in Resources */,
			);
			runOnlyForDeploymentPostprocessing = 0;
		};
		D27A8A1B25203F1A006A6125 /* Resources */ = {
			isa = PBXResourcesBuildPhase;
			buildActionMask = 2147483647;
			files = (
				D2644E922864B45D0065D039 /* DebugPlugins.plist in Resources */,
				D211C74B26AD2C6800432511 /* DebugRing.xcassets in Resources */,
			);
			runOnlyForDeploymentPostprocessing = 0;
		};
/* End PBXResourcesBuildPhase section */

/* Begin PBXShellScriptBuildPhase section */
		6ACE65CEA3998B8E4483A712 /* [CP] Check Pods Manifest.lock */ = {
			isa = PBXShellScriptBuildPhase;
			buildActionMask = 2147483647;
			files = (
			);
			inputFileListPaths = (
			);
			inputPaths = (
				"${PODS_PODFILE_DIR_PATH}/Podfile.lock",
				"${PODS_ROOT}/Manifest.lock",
			);
			name = "[CP] Check Pods Manifest.lock";
			outputFileListPaths = (
			);
			outputPaths = (
				"$(DERIVED_FILE_DIR)/Pods-DebugRing-checkManifestLockResult.txt",
			);
			runOnlyForDeploymentPostprocessing = 0;
			shellPath = /bin/sh;
			shellScript = "diff \"${PODS_PODFILE_DIR_PATH}/Podfile.lock\" \"${PODS_ROOT}/Manifest.lock\" > /dev/null\nif [ $? != 0 ] ; then\n    # print error to STDERR\n    echo \"error: The sandbox is not in sync with the Podfile.lock. Run 'pod install' or update your CocoaPods installation.\" >&2\n    exit 1\nfi\n# This output is used by Xcode 'outputs' to avoid re-running this script phase.\necho \"SUCCESS\" > \"${SCRIPT_OUTPUT_FILE_0}\"\n";
			showEnvVarsInLog = 0;
		};
		BC29A2ACFBD11D768C411DBE /* [CP] Embed Pods Frameworks */ = {
			isa = PBXShellScriptBuildPhase;
			buildActionMask = 2147483647;
			files = (
			);
			inputFileListPaths = (
				"${PODS_ROOT}/Target Support Files/Pods-DebugRingDemo/Pods-DebugRingDemo-frameworks-${CONFIGURATION}-input-files.xcfilelist",
			);
			name = "[CP] Embed Pods Frameworks";
			outputFileListPaths = (
				"${PODS_ROOT}/Target Support Files/Pods-DebugRingDemo/Pods-DebugRingDemo-frameworks-${CONFIGURATION}-output-files.xcfilelist",
			);
			runOnlyForDeploymentPostprocessing = 0;
			shellPath = /bin/sh;
			shellScript = "\"${PODS_ROOT}/Target Support Files/Pods-DebugRingDemo/Pods-DebugRingDemo-frameworks.sh\"\n";
			showEnvVarsInLog = 0;
		};
		C81925F0A70FDB4AC0C07E9A /* [CP] Copy Pods Resources */ = {
			isa = PBXShellScriptBuildPhase;
			buildActionMask = 2147483647;
			files = (
			);
			inputFileListPaths = (
				"${PODS_ROOT}/Target Support Files/Pods-DebugRingDemo/Pods-DebugRingDemo-resources-${CONFIGURATION}-input-files.xcfilelist",
			);
			name = "[CP] Copy Pods Resources";
			outputFileListPaths = (
				"${PODS_ROOT}/Target Support Files/Pods-DebugRingDemo/Pods-DebugRingDemo-resources-${CONFIGURATION}-output-files.xcfilelist",
			);
			runOnlyForDeploymentPostprocessing = 0;
			shellPath = /bin/sh;
			shellScript = "\"${PODS_ROOT}/Target Support Files/Pods-DebugRingDemo/Pods-DebugRingDemo-resources.sh\"\n";
			showEnvVarsInLog = 0;
		};
		F3BB46861D0BF172ECEF22F1 /* [CP] Check Pods Manifest.lock */ = {
			isa = PBXShellScriptBuildPhase;
			buildActionMask = 2147483647;
			files = (
			);
			inputFileListPaths = (
			);
			inputPaths = (
				"${PODS_PODFILE_DIR_PATH}/Podfile.lock",
				"${PODS_ROOT}/Manifest.lock",
			);
			name = "[CP] Check Pods Manifest.lock";
			outputFileListPaths = (
			);
			outputPaths = (
				"$(DERIVED_FILE_DIR)/Pods-DebugRingDemo-checkManifestLockResult.txt",
			);
			runOnlyForDeploymentPostprocessing = 0;
			shellPath = /bin/sh;
			shellScript = "diff \"${PODS_PODFILE_DIR_PATH}/Podfile.lock\" \"${PODS_ROOT}/Manifest.lock\" > /dev/null\nif [ $? != 0 ] ; then\n    # print error to STDERR\n    echo \"error: The sandbox is not in sync with the Podfile.lock. Run 'pod install' or update your CocoaPods installation.\" >&2\n    exit 1\nfi\n# This output is used by Xcode 'outputs' to avoid re-running this script phase.\necho \"SUCCESS\" > \"${SCRIPT_OUTPUT_FILE_0}\"\n";
			showEnvVarsInLog = 0;
		};
/* End PBXShellScriptBuildPhase section */

/* Begin PBXSourcesBuildPhase section */
		D23FF0C225AD9B5200D755D9 /* Sources */ = {
			isa = PBXSourcesBuildPhase;
			buildActionMask = 2147483647;
			files = (
				D23FF0CD25AD9B5200D755D9 /* ViewController.swift in Sources */,
				D23FF0C925AD9B5200D755D9 /* AppDelegate.swift in Sources */,
				D23FF0CB25AD9B5200D755D9 /* SceneDelegate.swift in Sources */,
			);
			runOnlyForDeploymentPostprocessing = 0;
		};
		D27A8A1925203F1A006A6125 /* Sources */ = {
			isa = PBXSourcesBuildPhase;
			buildActionMask = 2147483647;
			files = (
				D22590AC284F10EF00F1188B /* DeviceViewController.swift in Sources */,
				D22590F22850C78900F1188B /* DebugPlugin.swift in Sources */,
				D2F42E1E284EA7AD00FAF01D /* RingView.swift in Sources */,
				D22590E22850428600F1188B /* RingWindow.swift in Sources */,
				D29115DD284F0A37000989DF /* DevicePlugin.swift in Sources */,
				D2644F00286598710065D039 /* MockCrashItem.swift in Sources */,
				D2F8B47128780176008FCD13 /* UIApplication++.swift in Sources */,
				D22590BA284F1F5700F1188B /* ListViewItem.swift in Sources */,
				D2644EFE28658EE00065D039 /* MockCrashViewController.swift in Sources */,
				D29115C0284EC9A9000989DF /* PluginItem.swift in Sources */,
				D22590AE284F112C00F1188B /* DeviceItem.swift in Sources */,
				D2F42E23284EB65F00FAF01D /* UIView++.swift in Sources */,
				D29115C6284EED77000989DF /* MachO.swift in Sources */,
				D2F42E27284EB81C00FAF01D /* PluginPanel.swift in Sources */,
				D2F42E20284EA7B800FAF01D /* RingViewController.swift in Sources */,
				D29115BE284EC9A1000989DF /* PluginGroup.swift in Sources */,
				D29115D6284F013C000989DF /* FlexPlugin.swift in Sources */,
				D2D49FBE28514C60006B5448 /* StatisticsView.swift in Sources */,
				D22590BC284F1FEC00F1188B /* CollectionViewItem.swift in Sources */,
				D2D80EAB28757B4C0011FB46 /* SpinnerViewController.swift in Sources */,
				D22590F02850C50A00F1188B /* CollectionViewSection.swift in Sources */,
				D2FF07952876C2B300B97FD7 /* DebugCrashMocker.mm in Sources */,
				D2D49FD2285154D4006B5448 /* StatisticsHelper.swift in Sources */,
				D29115C2284ECAE9000989DF /* PluginRegistrar.swift in Sources */,
				D29115E0284F0AE8000989DF /* StatisticsPlugin.swift in Sources */,
				D2F42E25284EB73100FAF01D /* Utils.swift in Sources */,
				D29115BC284EC807000989DF /* CollectionViewController.swift in Sources */,
				D2926AC52877D348006F8215 /* UIViewController++.swift in Sources */,
				D29115A6284EC04B000989DF /* NavigationController.swift in Sources */,
				D2F8B4762878095E008FCD13 /* UIColor++.swift in Sources */,
				D22590B2284F114200F1188B /* DeviceHelper.swift in Sources */,
				D2FF07932876C2B300B97FD7 /* DebugRingLoader.m in Sources */,
				D2644EFB28658DC60065D039 /* MockCrashPlugin.swift in Sources */,
				D27A8A992520AEAC006A6125 /* DebugController.swift in Sources */,
				D2D80EA528756B810011FB46 /* Bundle++.swift in Sources */,
			);
			runOnlyForDeploymentPostprocessing = 0;
		};
/* End PBXSourcesBuildPhase section */

/* Begin PBXTargetDependency section */
		D23FF2C025ADBF1100D755D9 /* PBXTargetDependency */ = {
			isa = PBXTargetDependency;
			platformFilter = ios;
			target = D27A8A1C25203F1A006A6125 /* DebugRing */;
			targetProxy = D23FF2BF25ADBF1100D755D9 /* PBXContainerItemProxy */;
		};
/* End PBXTargetDependency section */

/* Begin PBXVariantGroup section */
		D23FF0CE25AD9B5200D755D9 /* Main.storyboard */ = {
			isa = PBXVariantGroup;
			children = (
				D23FF0CF25AD9B5200D755D9 /* Base */,
			);
			name = Main.storyboard;
			sourceTree = "<group>";
		};
		D23FF0D325AD9B5500D755D9 /* LaunchScreen.storyboard */ = {
			isa = PBXVariantGroup;
			children = (
				D23FF0D425AD9B5500D755D9 /* Base */,
			);
			name = LaunchScreen.storyboard;
			sourceTree = "<group>";
		};
/* End PBXVariantGroup section */

/* Begin XCBuildConfiguration section */
		D23FF0D725AD9B5500D755D9 /* Debug */ = {
			isa = XCBuildConfiguration;
			baseConfigurationReference = 03C90CB0C34E96C169CC1592 /* Pods-DebugRingDemo.debug.xcconfig */;
			buildSettings = {
				ALWAYS_EMBED_SWIFT_STANDARD_LIBRARIES = "$(inherited)";
				ASSETCATALOG_COMPILER_APPICON_NAME = AppIcon;
				ASSETCATALOG_COMPILER_GLOBAL_ACCENT_COLOR_NAME = AccentColor;
				CLANG_OPTIMIZATION_PROFILE_FILE = "$(SRCROOT)/OptimizationProfiles/$(PRODUCT_NAME).profdata";
				CLANG_WARN_QUOTED_INCLUDE_IN_FRAMEWORK_HEADER = "$(inherited)";
				CODE_SIGN_ENTITLEMENTS = "$(TARGET_NAME)/SupportingFiles/$(TARGET_NAME).entitlements";
				CODE_SIGN_STYLE = Automatic;
				DEVELOPMENT_TEAM = 97LF6BB4ZK;
				INFOPLIST_FILE = "$(TARGET_NAME)/SupportingFiles/Info.plist";
				IPHONEOS_DEPLOYMENT_TARGET = 14.3;
				LD_RUNPATH_SEARCH_PATHS = (
					"$(inherited)",
					"@executable_path/Frameworks",
				);
				PRODUCT_BUNDLE_IDENTIFIER = "com.bald-studio.DebugRingDemo";
				PRODUCT_MODULE_NAME = "$(PRODUCT_NAME)";
				PRODUCT_NAME = "$(TARGET_NAME)";
				SUPPORTS_MACCATALYST = NO;
				SWIFT_OBJC_INTERFACE_HEADER_NAME = "";
				SWIFT_VERSION = 5.0;
				TARGETED_DEVICE_FAMILY = 1;
			};
			name = Debug;
		};
		D23FF0D825AD9B5500D755D9 /* Release */ = {
			isa = XCBuildConfiguration;
			baseConfigurationReference = F35A6A5AA72A707DCA578024 /* Pods-DebugRingDemo.release.xcconfig */;
			buildSettings = {
				ALWAYS_EMBED_SWIFT_STANDARD_LIBRARIES = "$(inherited)";
				ASSETCATALOG_COMPILER_APPICON_NAME = AppIcon;
				ASSETCATALOG_COMPILER_GLOBAL_ACCENT_COLOR_NAME = AccentColor;
				CLANG_OPTIMIZATION_PROFILE_FILE = "$(SRCROOT)/OptimizationProfiles/$(PRODUCT_NAME).profdata";
				CLANG_WARN_QUOTED_INCLUDE_IN_FRAMEWORK_HEADER = "$(inherited)";
				CODE_SIGN_ENTITLEMENTS = "$(TARGET_NAME)/SupportingFiles/$(TARGET_NAME).entitlements";
				CODE_SIGN_STYLE = Automatic;
				DEVELOPMENT_TEAM = 97LF6BB4ZK;
				INFOPLIST_FILE = "$(TARGET_NAME)/SupportingFiles/Info.plist";
				IPHONEOS_DEPLOYMENT_TARGET = 14.3;
				LD_RUNPATH_SEARCH_PATHS = (
					"$(inherited)",
					"@executable_path/Frameworks",
				);
				PRODUCT_BUNDLE_IDENTIFIER = "com.bald-studio.DebugRingDemo";
				PRODUCT_MODULE_NAME = "$(PRODUCT_NAME)";
				PRODUCT_NAME = "$(TARGET_NAME)";
				SUPPORTS_MACCATALYST = NO;
				SWIFT_OBJC_INTERFACE_HEADER_NAME = "";
				SWIFT_VERSION = 5.0;
				TARGETED_DEVICE_FAMILY = 1;
			};
			name = Release;
		};
		D27A8A2325203F1A006A6125 /* Debug */ = {
			isa = XCBuildConfiguration;
			buildSettings = {
				ALWAYS_SEARCH_USER_PATHS = NO;
				CLANG_ANALYZER_NONNULL = YES;
				CLANG_ANALYZER_NUMBER_OBJECT_CONVERSION = YES_AGGRESSIVE;
				CLANG_CXX_LANGUAGE_STANDARD = "gnu++14";
				CLANG_CXX_LIBRARY = "libc++";
				CLANG_ENABLE_MODULES = YES;
				CLANG_ENABLE_OBJC_ARC = YES;
				CLANG_ENABLE_OBJC_WEAK = YES;
				CLANG_WARN_BLOCK_CAPTURE_AUTORELEASING = YES;
				CLANG_WARN_BOOL_CONVERSION = YES;
				CLANG_WARN_COMMA = YES;
				CLANG_WARN_CONSTANT_CONVERSION = YES;
				CLANG_WARN_DEPRECATED_OBJC_IMPLEMENTATIONS = YES;
				CLANG_WARN_DIRECT_OBJC_ISA_USAGE = YES_ERROR;
				CLANG_WARN_DOCUMENTATION_COMMENTS = YES;
				CLANG_WARN_EMPTY_BODY = YES;
				CLANG_WARN_ENUM_CONVERSION = YES;
				CLANG_WARN_INFINITE_RECURSION = YES;
				CLANG_WARN_INT_CONVERSION = YES;
				CLANG_WARN_NON_LITERAL_NULL_CONVERSION = YES;
				CLANG_WARN_OBJC_IMPLICIT_RETAIN_SELF = YES;
				CLANG_WARN_OBJC_LITERAL_CONVERSION = YES;
				CLANG_WARN_OBJC_ROOT_CLASS = YES_ERROR;
				CLANG_WARN_QUOTED_INCLUDE_IN_FRAMEWORK_HEADER = YES;
				CLANG_WARN_RANGE_LOOP_ANALYSIS = YES;
				CLANG_WARN_STRICT_PROTOTYPES = YES;
				CLANG_WARN_SUSPICIOUS_MOVE = YES;
				CLANG_WARN_UNGUARDED_AVAILABILITY = YES_AGGRESSIVE;
				CLANG_WARN_UNREACHABLE_CODE = YES;
				CLANG_WARN__DUPLICATE_METHOD_MATCH = YES;
				COPY_PHASE_STRIP = NO;
				CURRENT_PROJECT_VERSION = 1;
				DEBUG_INFORMATION_FORMAT = dwarf;
				ENABLE_STRICT_OBJC_MSGSEND = YES;
				ENABLE_TESTABILITY = YES;
				GCC_C_LANGUAGE_STANDARD = gnu11;
				GCC_DYNAMIC_NO_PIC = NO;
				GCC_NO_COMMON_BLOCKS = YES;
				GCC_OPTIMIZATION_LEVEL = 0;
				GCC_PREPROCESSOR_DEFINITIONS = (
					"DEBUG=1",
					"$(inherited)",
				);
				GCC_WARN_64_TO_32_BIT_CONVERSION = YES;
				GCC_WARN_ABOUT_RETURN_TYPE = YES_ERROR;
				GCC_WARN_UNDECLARED_SELECTOR = YES;
				GCC_WARN_UNINITIALIZED_AUTOS = YES_AGGRESSIVE;
				GCC_WARN_UNUSED_FUNCTION = YES;
				GCC_WARN_UNUSED_VARIABLE = YES;
				IPHONEOS_DEPLOYMENT_TARGET = 13.0;
				MTL_ENABLE_DEBUG_INFO = INCLUDE_SOURCE;
				MTL_FAST_MATH = YES;
				ONLY_ACTIVE_ARCH = YES;
				SDKROOT = iphoneos;
				SWIFT_ACTIVE_COMPILATION_CONDITIONS = DEBUG;
				SWIFT_OPTIMIZATION_LEVEL = "-Onone";
				VERSIONING_SYSTEM = "apple-generic";
				VERSION_INFO_PREFIX = "";
			};
			name = Debug;
		};
		D27A8A2425203F1A006A6125 /* Release */ = {
			isa = XCBuildConfiguration;
			buildSettings = {
				ALWAYS_SEARCH_USER_PATHS = NO;
				CLANG_ANALYZER_NONNULL = YES;
				CLANG_ANALYZER_NUMBER_OBJECT_CONVERSION = YES_AGGRESSIVE;
				CLANG_CXX_LANGUAGE_STANDARD = "gnu++14";
				CLANG_CXX_LIBRARY = "libc++";
				CLANG_ENABLE_MODULES = YES;
				CLANG_ENABLE_OBJC_ARC = YES;
				CLANG_ENABLE_OBJC_WEAK = YES;
				CLANG_WARN_BLOCK_CAPTURE_AUTORELEASING = YES;
				CLANG_WARN_BOOL_CONVERSION = YES;
				CLANG_WARN_COMMA = YES;
				CLANG_WARN_CONSTANT_CONVERSION = YES;
				CLANG_WARN_DEPRECATED_OBJC_IMPLEMENTATIONS = YES;
				CLANG_WARN_DIRECT_OBJC_ISA_USAGE = YES_ERROR;
				CLANG_WARN_DOCUMENTATION_COMMENTS = YES;
				CLANG_WARN_EMPTY_BODY = YES;
				CLANG_WARN_ENUM_CONVERSION = YES;
				CLANG_WARN_INFINITE_RECURSION = YES;
				CLANG_WARN_INT_CONVERSION = YES;
				CLANG_WARN_NON_LITERAL_NULL_CONVERSION = YES;
				CLANG_WARN_OBJC_IMPLICIT_RETAIN_SELF = YES;
				CLANG_WARN_OBJC_LITERAL_CONVERSION = YES;
				CLANG_WARN_OBJC_ROOT_CLASS = YES_ERROR;
				CLANG_WARN_QUOTED_INCLUDE_IN_FRAMEWORK_HEADER = YES;
				CLANG_WARN_RANGE_LOOP_ANALYSIS = YES;
				CLANG_WARN_STRICT_PROTOTYPES = YES;
				CLANG_WARN_SUSPICIOUS_MOVE = YES;
				CLANG_WARN_UNGUARDED_AVAILABILITY = YES_AGGRESSIVE;
				CLANG_WARN_UNREACHABLE_CODE = YES;
				CLANG_WARN__DUPLICATE_METHOD_MATCH = YES;
				COPY_PHASE_STRIP = NO;
				CURRENT_PROJECT_VERSION = 1;
				DEBUG_INFORMATION_FORMAT = "dwarf-with-dsym";
				ENABLE_NS_ASSERTIONS = NO;
				ENABLE_STRICT_OBJC_MSGSEND = YES;
				GCC_C_LANGUAGE_STANDARD = gnu11;
				GCC_NO_COMMON_BLOCKS = YES;
				GCC_WARN_64_TO_32_BIT_CONVERSION = YES;
				GCC_WARN_ABOUT_RETURN_TYPE = YES_ERROR;
				GCC_WARN_UNDECLARED_SELECTOR = YES;
				GCC_WARN_UNINITIALIZED_AUTOS = YES_AGGRESSIVE;
				GCC_WARN_UNUSED_FUNCTION = YES;
				GCC_WARN_UNUSED_VARIABLE = YES;
				IPHONEOS_DEPLOYMENT_TARGET = 13.0;
				MTL_ENABLE_DEBUG_INFO = NO;
				MTL_FAST_MATH = YES;
				SDKROOT = iphoneos;
				SWIFT_COMPILATION_MODE = wholemodule;
				SWIFT_OPTIMIZATION_LEVEL = "-O";
				VALIDATE_PRODUCT = YES;
				VERSIONING_SYSTEM = "apple-generic";
				VERSION_INFO_PREFIX = "";
			};
			name = Release;
		};
		D27A8A2625203F1A006A6125 /* Debug */ = {
			isa = XCBuildConfiguration;
			baseConfigurationReference = CE8D19C3C5DC7A7995330D9C /* Pods-DebugRing.debug.xcconfig */;
			buildSettings = {
				ALWAYS_EMBED_SWIFT_STANDARD_LIBRARIES = "$(inherited)";
				ASSETCATALOG_COMPILER_OPTIMIZATION = space;
				BUILD_LIBRARY_FOR_DISTRIBUTION = YES;
				CLANG_ALLOW_NON_MODULAR_INCLUDES_IN_FRAMEWORK_MODULES = NO;
				CLANG_CXX_LIBRARY = "compiler-default";
				CLANG_ENABLE_MODULES = YES;
				CODE_SIGNING_ALLOWED = NO;
				CODE_SIGNING_REQUIRED = NO;
				CODE_SIGN_STYLE = Automatic;
				CURRENT_PROJECT_VERSION = 0.0.1.1;
				DEFINES_MODULE = YES;
				DEVELOPMENT_TEAM = 97LF6BB4ZK;
				DYLIB_COMPATIBILITY_VERSION = 1;
				DYLIB_CURRENT_VERSION = 1;
				DYLIB_INSTALL_NAME_BASE = "@rpath";
				ENABLE_BITCODE = YES;
				GCC_OPTIMIZATION_LEVEL = 0;
				INFOPLIST_FILE = "$(TARGET_NAME)/SupportingFiles/Info.plist";
				INFOPLIST_PATH = "$(FULL_PRODUCT_NAME)/Info.plist";
				INSTALL_PATH = "$(LOCAL_LIBRARY_DIR)/Frameworks";
				IPHONEOS_DEPLOYMENT_TARGET = 13.0;
				LD_RUNPATH_SEARCH_PATHS = (
					"$(inherited)",
					"@executable_path/Frameworks",
					"@loader_path/Frameworks",
				);
				MACH_O_TYPE = staticlib;
				MARKETING_VERSION = 0.0.1;
				MODULEMAP_FILE = "";
				PRODUCT_BUNDLE_IDENTIFIER = "com.bald-studio.DebugRing";
				PRODUCT_MODULE_NAME = DebugRing;
				PRODUCT_NAME = "$(TARGET_NAME)";
				SKIP_INSTALL = YES;
				SUPPORTS_MACCATALYST = NO;
				SWIFT_INCLUDE_PATHS = "";
				SWIFT_INSTALL_OBJC_HEADER = YES;
				SWIFT_OBJC_BRIDGING_HEADER = "${TARGET_NAME}/Source/ObjC/$(SWIFT_MODULE_NAME).h";
				SWIFT_OBJC_INTERFACE_HEADER_NAME = "$(SWIFT_MODULE_NAME)-Swift.h";
				SWIFT_OPTIMIZATION_LEVEL = "-Onone";
				SWIFT_VERSION = 5.0;
				TARGETED_DEVICE_FAMILY = 1;
				UNLOCALIZED_RESOURCES_FOLDER_PATH = "$(FULL_PRODUCT_NAME)/Resources";
				VERSIONING_SYSTEM = "";
			};
			name = Debug;
		};
		D27A8A2725203F1A006A6125 /* Release */ = {
			isa = XCBuildConfiguration;
			baseConfigurationReference = 15C18E8BEE7716BBC554B1B7 /* Pods-DebugRing.release.xcconfig */;
			buildSettings = {
				ALWAYS_EMBED_SWIFT_STANDARD_LIBRARIES = "$(inherited)";
				ASSETCATALOG_COMPILER_OPTIMIZATION = space;
				BUILD_LIBRARY_FOR_DISTRIBUTION = YES;
				CLANG_ALLOW_NON_MODULAR_INCLUDES_IN_FRAMEWORK_MODULES = NO;
				CLANG_CXX_LIBRARY = "compiler-default";
				CLANG_ENABLE_MODULES = YES;
				CODE_SIGNING_ALLOWED = NO;
				CODE_SIGNING_REQUIRED = NO;
				CODE_SIGN_STYLE = Automatic;
				CURRENT_PROJECT_VERSION = 0.0.1.1;
				DEFINES_MODULE = YES;
				DEVELOPMENT_TEAM = 97LF6BB4ZK;
				DYLIB_COMPATIBILITY_VERSION = 1;
				DYLIB_CURRENT_VERSION = 1;
				DYLIB_INSTALL_NAME_BASE = "@rpath";
				ENABLE_BITCODE = YES;
				GCC_OPTIMIZATION_LEVEL = z;
				INFOPLIST_FILE = "$(TARGET_NAME)/SupportingFiles/Info.plist";
				INFOPLIST_PATH = "$(FULL_PRODUCT_NAME)/Info.plist";
				INSTALL_PATH = "$(LOCAL_LIBRARY_DIR)/Frameworks";
				IPHONEOS_DEPLOYMENT_TARGET = 13.0;
				LD_RUNPATH_SEARCH_PATHS = (
					"$(inherited)",
					"@executable_path/Frameworks",
					"@loader_path/Frameworks",
				);
				MACH_O_TYPE = staticlib;
				MARKETING_VERSION = 0.0.1;
				MODULEMAP_FILE = "";
				PRODUCT_BUNDLE_IDENTIFIER = "com.bald-studio.DebugRing";
				PRODUCT_MODULE_NAME = DebugRing;
				PRODUCT_NAME = "$(TARGET_NAME)";
				SKIP_INSTALL = YES;
				SUPPORTS_MACCATALYST = NO;
				SWIFT_INCLUDE_PATHS = "";
				SWIFT_INSTALL_OBJC_HEADER = YES;
				SWIFT_OBJC_BRIDGING_HEADER = "${TARGET_NAME}/Source/ObjC/$(SWIFT_MODULE_NAME).h";
				SWIFT_OBJC_INTERFACE_HEADER_NAME = "$(SWIFT_MODULE_NAME)-Swift.h";
				SWIFT_OPTIMIZATION_LEVEL = "-Osize";
				SWIFT_VERSION = 5.0;
				TARGETED_DEVICE_FAMILY = 1;
				UNLOCALIZED_RESOURCES_FOLDER_PATH = "$(FULL_PRODUCT_NAME)/Resources";
				VERSIONING_SYSTEM = "";
			};
			name = Release;
		};
/* End XCBuildConfiguration section */

/* Begin XCConfigurationList section */
		D23FF0D925AD9B5500D755D9 /* Build configuration list for PBXNativeTarget "DebugRingDemo" */ = {
			isa = XCConfigurationList;
			buildConfigurations = (
				D23FF0D725AD9B5500D755D9 /* Debug */,
				D23FF0D825AD9B5500D755D9 /* Release */,
			);
			defaultConfigurationIsVisible = 0;
			defaultConfigurationName = Release;
		};
		D27A8A1725203F1A006A6125 /* Build configuration list for PBXProject "DebugRing" */ = {
			isa = XCConfigurationList;
			buildConfigurations = (
				D27A8A2325203F1A006A6125 /* Debug */,
				D27A8A2425203F1A006A6125 /* Release */,
			);
			defaultConfigurationIsVisible = 0;
			defaultConfigurationName = Release;
		};
		D27A8A2525203F1A006A6125 /* Build configuration list for PBXNativeTarget "DebugRing" */ = {
			isa = XCConfigurationList;
			buildConfigurations = (
				D27A8A2625203F1A006A6125 /* Debug */,
				D27A8A2725203F1A006A6125 /* Release */,
			);
			defaultConfigurationIsVisible = 0;
			defaultConfigurationName = Release;
		};
/* End XCConfigurationList section */
	};
	rootObject = D27A8A1425203F1A006A6125 /* Project object */;
}
